// !$*UTF8*$!
{
	archiveVersion = 1;
	classes = {
	};
	objectVersion = 46;
	objects = {

/* Begin PBXBuildFile section */
		D11A80591A16581F00DDC279 /* exce.m in Sources */ = {isa = PBXBuildFile; fileRef = D11A80581A16581F00DDC279 /* exce.m */; };
		D133D5C81A162CEB00D5A4CF /* main.m in Sources */ = {isa = PBXBuildFile; fileRef = D133D5C71A162CEB00D5A4CF /* main.m */; };
		D133D5CB1A162CEB00D5A4CF /* AppDelegate.m in Sources */ = {isa = PBXBuildFile; fileRef = D133D5CA1A162CEB00D5A4CF /* AppDelegate.m */; };
		D133D5CE1A162CEB00D5A4CF /* ViewController.m in Sources */ = {isa = PBXBuildFile; fileRef = D133D5CD1A162CEB00D5A4CF /* ViewController.m */; };
		D133D5D11A162CEB00D5A4CF /* Main.storyboard in Resources */ = {isa = PBXBuildFile; fileRef = D133D5CF1A162CEB00D5A4CF /* Main.storyboard */; };
		D133D5D31A162CEB00D5A4CF /* Images.xcassets in Resources */ = {isa = PBXBuildFile; fileRef = D133D5D21A162CEB00D5A4CF /* Images.xcassets */; };
		D133D5D61A162CEB00D5A4CF /* LaunchScreen.xib in Resources */ = {isa = PBXBuildFile; fileRef = D133D5D41A162CEB00D5A4CF /* LaunchScreen.xib */; };
		D133D5E21A162CEB00D5A4CF /* TestLogTests.m in Sources */ = {isa = PBXBuildFile; fileRef = D133D5E11A162CEB00D5A4CF /* TestLogTests.m */; };
/* End PBXBuildFile section */

/* Begin PBXContainerItemProxy section */
		D133D5DC1A162CEB00D5A4CF /* PBXContainerItemProxy */ = {
			isa = PBXContainerItemProxy;
			containerPortal = D133D5BA1A162CEA00D5A4CF /* Project object */;
			proxyType = 1;
			remoteGlobalIDString = D133D5C11A162CEA00D5A4CF;
			remoteInfo = TestLog;
		};
/* End PBXContainerItemProxy section */

/* Begin PBXFileReference section */
		D11A80571A16581F00DDC279 /* exce.h */ = {isa = PBXFileReference; fileEncoding = 4; lastKnownFileType = sourcecode.c.h; path = exce.h; sourceTree = "<group>"; };
		D11A80581A16581F00DDC279 /* exce.m */ = {isa = PBXFileReference; fileEncoding = 4; lastKnownFileType = sourcecode.c.objc; path = exce.m; sourceTree = "<group>"; };
		D133D5C21A162CEA00D5A4CF /* TestLog.app */ = {isa = PBXFileReference; explicitFileType = wrapper.application; includeInIndex = 0; path = TestLog.app; sourceTree = BUILT_PRODUCTS_DIR; };
		D133D5C61A162CEA00D5A4CF /* Info.plist */ = {isa = PBXFileReference; lastKnownFileType = text.plist.xml; path = Info.plist; sourceTree = "<group>"; };
		D133D5C71A162CEB00D5A4CF /* main.m */ = {isa = PBXFileReference; lastKnownFileType = sourcecode.c.objc; path = main.m; sourceTree = "<group>"; };
		D133D5C91A162CEB00D5A4CF /* AppDelegate.h */ = {isa = PBXFileReference; lastKnownFileType = sourcecode.c.h; path = AppDelegate.h; sourceTree = "<group>"; };
		D133D5CA1A162CEB00D5A4CF /* AppDelegate.m */ = {isa = PBXFileReference; lastKnownFileType = sourcecode.c.objc; path = AppDelegate.m; sourceTree = "<group>"; };
		D133D5CC1A162CEB00D5A4CF /* ViewController.h */ = {isa = PBXFileReference; lastKnownFileType = sourcecode.c.h; path = ViewController.h; sourceTree = "<group>"; };
		D133D5CD1A162CEB00D5A4CF /* ViewController.m */ = {isa = PBXFileReference; lastKnownFileType = sourcecode.c.objc; path = ViewController.m; sourceTree = "<group>"; };
		D133D5D01A162CEB00D5A4CF /* Base */ = {isa = PBXFileReference; lastKnownFileType = file.storyboard; name = Base; path = Base.lproj/Main.storyboard; sourceTree = "<group>"; };
		D133D5D21A162CEB00D5A4CF /* Images.xcassets */ = {isa = PBXFileReference; lastKnownFileType = folder.assetcatalog; path = Images.xcassets; sourceTree = "<group>"; };
		D133D5D51A162CEB00D5A4CF /* Base */ = {isa = PBXFileReference; lastKnownFileType = file.xib; name = Base; path = Base.lproj/LaunchScreen.xib; sourceTree = "<group>"; };
		D133D5DB1A162CEB00D5A4CF /* TestLogTests.xctest */ = {isa = PBXFileReference; explicitFileType = wrapper.cfbundle; includeInIndex = 0; path = TestLogTests.xctest; sourceTree = BUILT_PRODUCTS_DIR; };
		D133D5E01A162CEB00D5A4CF /* Info.plist */ = {isa = PBXFileReference; lastKnownFileType = text.plist.xml; path = Info.plist; sourceTree = "<group>"; };
		D133D5E11A162CEB00D5A4CF /* TestLogTests.m */ = {isa = PBXFileReference; lastKnownFileType = sourcecode.c.objc; path = TestLogTests.m; sourceTree = "<group>"; };
/* End PBXFileReference section */

/* Begin PBXFrameworksBuildPhase section */
		D133D5BF1A162CEA00D5A4CF /* Frameworks */ = {
			isa = PBXFrameworksBuildPhase;
			buildActionMask = 2147483647;
			files = (
			);
			runOnlyForDeploymentPostprocessing = 0;
		};
		D133D5D81A162CEB00D5A4CF /* Frameworks */ = {
			isa = PBXFrameworksBuildPhase;
			buildActionMask = 2147483647;
			files = (
			);
			runOnlyForDeploymentPostprocessing = 0;
		};
/* End PBXFrameworksBuildPhase section */

/* Begin PBXGroup section */
		D133D5B91A162CEA00D5A4CF = {
			isa = PBXGroup;
			children = (
				D133D5C41A162CEA00D5A4CF /* TestLog */,
				D133D5DE1A162CEB00D5A4CF /* TestLogTests */,
				D133D5C31A162CEA00D5A4CF /* Products */,
			);
			sourceTree = "<group>";
		};
		D133D5C31A162CEA00D5A4CF /* Products */ = {
			isa = PBXGroup;
			children = (
				D133D5C21A162CEA00D5A4CF /* TestLog.app */,
				D133D5DB1A162CEB00D5A4CF /* TestLogTests.xctest */,
			);
			name = Products;
			sourceTree = "<group>";
		};
		D133D5C41A162CEA00D5A4CF /* TestLog */ = {
			isa = PBXGroup;
			children = (
				D133D5C91A162CEB00D5A4CF /* AppDelegate.h */,
				D11A80571A16581F00DDC279 /* exce.h */,
				D11A80581A16581F00DDC279 /* exce.m */,
				D133D5CA1A162CEB00D5A4CF /* AppDelegate.m */,
				D133D5CC1A162CEB00D5A4CF /* ViewController.h */,
				D133D5CD1A162CEB00D5A4CF /* ViewController.m */,
				D133D5CF1A162CEB00D5A4CF /* Main.storyboard */,
				D133D5D21A162CEB00D5A4CF /* Images.xcassets */,
				D133D5D41A162CEB00D5A4CF /* LaunchScreen.xib */,
				D133D5C51A162CEA00D5A4CF /* Supporting Files */,
			);
			path = TestLog;
			sourceTree = "<group>";
		};
		D133D5C51A162CEA00D5A4CF /* Supporting Files */ = {
			isa = PBXGroup;
			children = (
				D133D5C61A162CEA00D5A4CF /* Info.plist */,
				D133D5C71A162CEB00D5A4CF /* main.m */,
			);
			name = "Supporting Files";
			sourceTree = "<group>";
		};
		D133D5DE1A162CEB00D5A4CF /* TestLogTests */ = {
			isa = PBXGroup;
			children = (
				D133D5E11A162CEB00D5A4CF /* TestLogTests.m */,
				D133D5DF1A162CEB00D5A4CF /* Supporting Files */,
			);
			path = TestLogTests;
			sourceTree = "<group>";
		};
		D133D5DF1A162CEB00D5A4CF /* Supporting Files */ = {
			isa = PBXGroup;
			children = (
				D133D5E01A162CEB00D5A4CF /* Info.plist */,
			);
			name = "Supporting Files";
			sourceTree = "<group>";
		};
/* End PBXGroup section */

/* Begin PBXNativeTarget section */
		D133D5C11A162CEA00D5A4CF /* TestLog */ = {
			isa = PBXNativeTarget;
			buildConfigurationList = D133D5E51A162CEB00D5A4CF /* Build configuration list for PBXNativeTarget "TestLog" */;
			buildPhases = (
				D133D5BE1A162CEA00D5A4CF /* Sources */,
				D133D5BF1A162CEA00D5A4CF /* Frameworks */,
				D133D5C01A162CEA00D5A4CF /* Resources */,
			);
			buildRules = (
			);
			dependencies = (
			);
			name = TestLog;
			productName = TestLog;
			productReference = D133D5C21A162CEA00D5A4CF /* TestLog.app */;
			productType = "com.apple.product-type.application";
		};
		D133D5DA1A162CEB00D5A4CF /* TestLogTests */ = {
			isa = PBXNativeTarget;
			buildConfigurationList = D133D5E81A162CEB00D5A4CF /* Build configuration list for PBXNativeTarget "TestLogTests" */;
			buildPhases = (
				D133D5D71A162CEB00D5A4CF /* Sources */,
				D133D5D81A162CEB00D5A4CF /* Frameworks */,
				D133D5D91A162CEB00D5A4CF /* Resources */,
			);
			buildRules = (
			);
			dependencies = (
				D133D5DD1A162CEB00D5A4CF /* PBXTargetDependency */,
			);
			name = TestLogTests;
			productName = TestLogTests;
			productReference = D133D5DB1A162CEB00D5A4CF /* TestLogTests.xctest */;
			productType = "com.apple.product-type.bundle.unit-test";
		};
/* End PBXNativeTarget section */

/* Begin PBXProject section */
		D133D5BA1A162CEA00D5A4CF /* Project object */ = {
			isa = PBXProject;
			attributes = {
				LastUpgradeCheck = 0610;
				ORGANIZATIONNAME = stevenhu;
				TargetAttributes = {
					D133D5C11A162CEA00D5A4CF = {
						CreatedOnToolsVersion = 6.1;
					};
					D133D5DA1A162CEB00D5A4CF = {
						CreatedOnToolsVersion = 6.1;
						TestTargetID = D133D5C11A162CEA00D5A4CF;
					};
				};
			};
			buildConfigurationList = D133D5BD1A162CEA00D5A4CF /* Build configuration list for PBXProject "TestLog" */;
			compatibilityVersion = "Xcode 3.2";
			developmentRegion = English;
			hasScannedForEncodings = 0;
			knownRegions = (
				en,
				Base,
			);
			mainGroup = D133D5B91A162CEA00D5A4CF;
			productRefGroup = D133D5C31A162CEA00D5A4CF /* Products */;
			projectDirPath = "";
			projectRoot = "";
			targets = (
				D133D5C11A162CEA00D5A4CF /* TestLog */,
				D133D5DA1A162CEB00D5A4CF /* TestLogTests */,
			);
		};
/* End PBXProject section */

/* Begin PBXResourcesBuildPhase section */
		D133D5C01A162CEA00D5A4CF /* Resources */ = {
			isa = PBXResourcesBuildPhase;
			buildActionMask = 2147483647;
			files = (
				D133D5D11A162CEB00D5A4CF /* Main.storyboard in Resources */,
				D133D5D61A162CEB00D5A4CF /* LaunchScreen.xib in Resources */,
				D133D5D31A162CEB00D5A4CF /* Images.xcassets in Resources */,
			);
			runOnlyForDeploymentPostprocessing = 0;
		};
		D133D5D91A162CEB00D5A4CF /* Resources */ = {
			isa = PBXResourcesBuildPhase;
			buildActionMask = 2147483647;
			files = (
			);
			runOnlyForDeploymentPostprocessing = 0;
		};
/* End PBXResourcesBuildPhase section */

/* Begin PBXSourcesBuildPhase section */
		D133D5BE1A162CEA00D5A4CF /* Sources */ = {
			isa = PBXSourcesBuildPhase;
			buildActionMask = 2147483647;
			files = (
				D133D5CE1A162CEB00D5A4CF /* ViewController.m in Sources */,
				D133D5CB1A162CEB00D5A4CF /* AppDelegate.m in Sources */,
				D11A80591A16581F00DDC279 /* exce.m in Sources */,
				D133D5C81A162CEB00D5A4CF /* main.m in Sources */,
			);
			runOnlyForDeploymentPostprocessing = 0;
		};
		D133D5D71A162CEB00D5A4CF /* Sources */ = {
			isa = PBXSourcesBuildPhase;
			buildActionMask = 2147483647;
			files = (
				D133D5E21A162CEB00D5A4CF /* TestLogTests.m in Sources */,
			);
			runOnlyForDeploymentPostprocessing = 0;
		};
/* End PBXSourcesBuildPhase section */

/* Begin PBXTargetDependency section */
		D133D5DD1A162CEB00D5A4CF /* PBXTargetDependency */ = {
			isa = PBXTargetDependency;
			target = D133D5C11A162CEA00D5A4CF /* TestLog */;
			targetProxy = D133D5DC1A162CEB00D5A4CF /* PBXContainerItemProxy */;
		};
/* End PBXTargetDependency section */

/* Begin PBXVariantGroup section */
		D133D5CF1A162CEB00D5A4CF /* Main.storyboard */ = {
			isa = PBXVariantGroup;
			children = (
				D133D5D01A162CEB00D5A4CF /* Base */,
			);
			name = Main.storyboard;
			sourceTree = "<group>";
		};
		D133D5D41A162CEB00D5A4CF /* LaunchScreen.xib */ = {
			isa = PBXVariantGroup;
			children = (
				D133D5D51A162CEB00D5A4CF /* Base */,
			);
			name = LaunchScreen.xib;
			sourceTree = "<group>";
		};
/* End PBXVariantGroup section */

/* Begin XCBuildConfiguration section */
		D133D5E31A162CEB00D5A4CF /* Debug */ = {
			isa = XCBuildConfiguration;
			buildSettings = {
				ALWAYS_SEARCH_USER_PATHS = NO;
				CLANG_CXX_LANGUAGE_STANDARD = "gnu++0x";
				CLANG_CXX_LIBRARY = "libc++";
				CLANG_ENABLE_MODULES = YES;
				CLANG_ENABLE_OBJC_ARC = YES;
				CLANG_WARN_BOOL_CONVERSION = YES;
				CLANG_WARN_CONSTANT_CONVERSION = YES;
				CLANG_WARN_DIRECT_OBJC_ISA_USAGE = YES_ERROR;
				CLANG_WARN_EMPTY_BODY = YES;
				CLANG_WARN_ENUM_CONVERSION = YES;
				CLANG_WARN_INT_CONVERSION = YES;
				CLANG_WARN_OBJC_ROOT_CLASS = YES_ERROR;
				CLANG_WARN_UNREACHABLE_CODE = YES;
				CLANG_WARN__DUPLICATE_METHOD_MATCH = YES;
				"CODE_SIGN_IDENTITY[sdk=iphoneos*]" = "iPhone Developer";
				COPY_PHASE_STRIP = NO;
				ENABLE_STRICT_OBJC_MSGSEND = YES;
				GCC_C_LANGUAGE_STANDARD = gnu99;
				GCC_DYNAMIC_NO_PIC = NO;
				GCC_OPTIMIZATION_LEVEL = 0;
				GCC_PREPROCESSOR_DEFINITIONS = (
					"DEBUG=1",
					"$(inherited)",
				);
				GCC_SYMBOLS_PRIVATE_EXTERN = NO;
				GCC_WARN_64_TO_32_BIT_CONVERSION = YES;
				GCC_WARN_ABOUT_RETURN_TYPE = YES_ERROR;
				GCC_WARN_UNDECLARED_SELECTOR = YES;
				GCC_WARN_UNINITIALIZED_AUTOS = YES_AGGRESSIVE;
				GCC_WARN_UNUSED_FUNCTION = YES;
				GCC_WARN_UNUSED_VARIABLE = YES;
				IPHONEOS_DEPLOYMENT_TARGET = 8.1;
				MTL_ENABLE_DEBUG_INFO = YES;
				ONLY_ACTIVE_ARCH = YES;
				SDKROOT = iphoneos;
			};
			name = Debug;
		};
		D133D5E41A162CEB00D5A4CF /* Release */ = {
			isa = XCBuildConfiguration;
			buildSettings = {
				ALWAYS_SEARCH_USER_PATHS = NO;
				CLANG_CXX_LANGUAGE_STANDARD = "gnu++0x";
				CLANG_CXX_LIBRARY = "libc++";
				CLANG_ENABLE_MODULES = YES;
				CLANG_ENABLE_OBJC_ARC = YES;
				CLANG_WARN_BOOL_CONVERSION = YES;
				CLANG_WARN_CONSTANT_CONVERSION = YES;
				CLANG_WARN_DIRECT_OBJC_ISA_USAGE = YES_ERROR;
				CLANG_WARN_EMPTY_BODY = YES;
				CLANG_WARN_ENUM_CONVERSION = YES;
				CLANG_WARN_INT_CONVERSION = YES;
				CLANG_WARN_OBJC_ROOT_CLASS = YES_ERROR;
				CLANG_WARN_UNREACHABLE_CODE = YES;
				CLANG_WARN__DUPLICATE_METHOD_MATCH = YES;
				"CODE_SIGN_IDENTITY[sdk=iphoneos*]" = "iPhone Developer";
				COPY_PHASE_STRIP = YES;
				ENABLE_NS_ASSERTIONS = NO;
				ENABLE_STRICT_OBJC_MSGSEND = YES;
				GCC_C_LANGUAGE_STANDARD = gnu99;
				GCC_WARN_64_TO_32_BIT_CONVERSION = YES;
				GCC_WARN_ABOUT_RETURN_TYPE = YES_ERROR;
				GCC_WARN_UNDECLARED_SELECTOR = YES;
				GCC_WARN_UNINITIALIZED_AUTOS = YES_AGGRESSIVE;
				GCC_WARN_UNUSED_FUNCTION = YES;
				GCC_WARN_UNUSED_VARIABLE = YES;
				IPHONEOS_DEPLOYMENT_TARGET = 8.1;
				MTL_ENABLE_DEBUG_INFO = NO;
				SDKROOT = iphoneos;
				VALIDATE_PRODUCT = YES;
			};
			name = Release;
		};
		D133D5E61A162CEB00D5A4CF /* Debug */ = {
			isa = XCBuildConfiguration;
			buildSettings = {
				ASSETCATALOG_COMPILER_APPICON_NAME = AppIcon;
				INFOPLIST_FILE = TestLog/Info.plist;
				LD_RUNPATH_SEARCH_PATHS = "$(inherited) @executable_path/Frameworks";
				PRODUCT_NAME = "$(TARGET_NAME)";
			};
			name = Debug;
		};
		D133D5E71A162CEB00D5A4CF /* Release */ = {
			isa = XCBuildConfiguration;
			buildSettings = {
				ASSETCATALOG_COMPILER_APPICON_NAME = AppIcon;
				INFOPLIST_FILE = TestLog/Info.plist;
				LD_RUNPATH_SEARCH_PATHS = "$(inherited) @executable_path/Frameworks";
				PRODUCT_NAME = "$(TARGET_NAME)";
			};
			name = Release;
		};
		D133D5E91A162CEB00D5A4CF /* Debug */ = {
			isa = XCBuildConfiguration;
			buildSettings = {
				BUNDLE_LOADER = "$(TEST_HOST)";
				FRAMEWORK_SEARCH_PATHS = (
					"$(SDKROOT)/Developer/Library/Frameworks",
					"$(inherited)",
				);
				GCC_PREPROCESSOR_DEFINITIONS = (
					"DEBUG=1",
					"$(inherited)",
				);
				INFOPLIST_FILE = TestLogTests/Info.plist;
				LD_RUNPATH_SEARCH_PATHS = "$(inherited) @executable_path/Frameworks @loader_path/Frameworks";
				PRODUCT_NAME = "$(TARGET_NAME)";
				TEST_HOST = "$(BUILT_PRODUCTS_DIR)/TestLog.app/TestLog";
			};
			name = Debug;
		};
		D133D5EA1A162CEB00D5A4CF /* Release */ = {
			isa = XCBuildConfiguration;
			buildSettings = {
				BUNDLE_LOADER = "$(TEST_HOST)";
				FRAMEWORK_SEARCH_PATHS = (
					"$(SDKROOT)/Developer/Library/Frameworks",
					"$(inherited)",
				);
				INFOPLIST_FILE = TestLogTests/Info.plist;
				LD_RUNPATH_SEARCH_PATHS = "$(inherited) @executable_path/Frameworks @loader_path/Frameworks";
				PRODUCT_NAME = "$(TARGET_NAME)";
				TEST_HOST = "$(BUILT_PRODUCTS_DIR)/TestLog.app/TestLog";
			};
			name = Release;
		};
/* End XCBuildConfiguration section */

/* Begin XCConfigurationList section */
		D133D5BD1A162CEA00D5A4CF /* Build configuration list for PBXProject "TestLog" */ = {
			isa = XCConfigurationList;
			buildConfigurations = (
				D133D5E31A162CEB00D5A4CF /* Debug */,
				D133D5E41A162CEB00D5A4CF /* Release */,
			);
			defaultConfigurationIsVisible = 0;
			defaultConfigurationName = Release;
		};
		D133D5E51A162CEB00D5A4CF /* Build configuration list for PBXNativeTarget "TestLog" */ = {
			isa = XCConfigurationList;
			buildConfigurations = (
				D133D5E61A162CEB00D5A4CF /* Debug */,
				D133D5E71A162CEB00D5A4CF /* Release */,
			);
			defaultConfigurationIsVisible = 0;
			defaultConfigurationName = Release;
		};
		D133D5E81A162CEB00D5A4CF /* Build configuration list for PBXNativeTarget "TestLogTests" */ = {
			isa = XCConfigurationList;
			buildConfigurations = (
				D133D5E91A162CEB00D5A4CF /* Debug */,
				D133D5EA1A162CEB00D5A4CF /* Release */,
			);
			defaultConfigurationIsVisible = 0;
			defaultConfigurationName = Release;
		};
/* End XCConfigurationList section */
	};
	rootObject = D133D5BA1A162CEA00D5A4CF /* Project object */;
}
